
Microsoft Visual Studio Solution File, Format Version 12.00
# Visual Studio Version 17
VisualStudioVersion = 17.2.32526.322
MinimumVisualStudioVersion = 10.0.40219.1
Project("{9A19103F-16F7-4668-BE54-9A1E7A4F7556}") = "OMS.Server", "OMS\Server\OMS.Server.csproj", "{3BE39CAC-16BB-40B3-BF17-6D36A22CEF12}"
EndProject
Project("{9A19103F-16F7-4668-BE54-9A1E7A4F7556}") = "OMS.Client", "OMS\Client\OMS.Client.csproj", "{39F4431F-A4E7-4C38-B578-343CED34C2FF}"
EndProject
Project("{9A19103F-16F7-4668-BE54-9A1E7A4F7556}") = "OMS.Shared", "OMS\Shared\OMS.Shared.csproj", "{3118313F-076C-478E-AF27-18EB141B85DF}"
EndProject
Project("{9A19103F-16F7-4668-BE54-9A1E7A4F7556}") = "OMS.Core", "OMS.Core\OMS.Core.csproj", "{A9100AAB-092F-4D2E-8DA8-AB508645E829}"
EndProject
Project("{9A19103F-16F7-4668-BE54-9A1E7A4F7556}") = "OMS.Application", "OMS.Application\OMS.Application.csproj", "{1EC3FBEC-FE94-41B8-AC06-4C9140981468}"
EndProject
Project("{9A19103F-16F7-4668-BE54-9A1E7A4F7556}") = "OMS.Infrastructure", "OMS.Infrastructure\OMS.Infrastructure.csproj", "{D19A77E3-F003-456C-A2BB-7CE475E36EF7}"
EndProject
Global
	GlobalSection(SolutionConfigurationPlatforms) = preSolution
		Debug|Any CPU = Debug|Any CPU
		Release|Any CPU = Release|Any CPU
	EndGlobalSection
	GlobalSection(ProjectConfigurationPlatforms) = postSolution
		{3BE39CAC-16BB-40B3-BF17-6D36A22CEF12}.Debug|Any CPU.ActiveCfg = Debug|Any CPU
		{3BE39CAC-16BB-40B3-BF17-6D36A22CEF12}.Debug|Any CPU.Build.0 = Debug|Any CPU
		{3BE39CAC-16BB-40B3-BF17-6D36A22CEF12}.Release|Any CPU.ActiveCfg = Release|Any CPU
		{3BE39CAC-16BB-40B3-BF17-6D36A22CEF12}.Release|Any CPU.Build.0 = Release|Any CPU
		{39F4431F-A4E7-4C38-B578-343CED34C2FF}.Debug|Any CPU.ActiveCfg = Debug|Any CPU
		{39F4431F-A4E7-4C38-B578-343CED34C2FF}.Debug|Any CPU.Build.0 = Debug|Any CPU
		{39F4431F-A4E7-4C38-B578-343CED34C2FF}.Release|Any CPU.ActiveCfg = Release|Any CPU
		{39F4431F-A4E7-4C38-B578-343CED34C2FF}.Release|Any CPU.Build.0 = Release|Any CPU
		{3118313F-076C-478E-AF27-18EB141B85DF}.Debug|Any CPU.ActiveCfg = Debug|Any CPU
		{3118313F-076C-478E-AF27-18EB141B85DF}.Debug|Any CPU.Build.0 = Debug|Any CPU
		{3118313F-076C-478E-AF27-18EB141B85DF}.Release|Any CPU.ActiveCfg = Release|Any CPU
		{3118313F-076C-478E-AF27-18EB141B85DF}.Release|Any CPU.Build.0 = Release|Any CPU
		{A9100AAB-092F-4D2E-8DA8-AB508645E829}.Debug|Any CPU.ActiveCfg = Debug|Any CPU
		{A9100AAB-092F-4D2E-8DA8-AB508645E829}.Debug|Any CPU.Build.0 = Debug|Any CPU
		{A9100AAB-092F-4D2E-8DA8-AB508645E829}.Release|Any CPU.ActiveCfg = Release|Any CPU
		{A9100AAB-092F-4D2E-8DA8-AB508645E829}.Release|Any CPU.Build.0 = Release|Any CPU
		{1EC3FBEC-FE94-41B8-AC06-4C9140981468}.Debug|Any CPU.ActiveCfg = Debug|Any CPU
		{1EC3FBEC-FE94-41B8-AC06-4C9140981468}.Debug|Any CPU.Build.0 = Debug|Any CPU
		{1EC3FBEC-FE94-41B8-AC06-4C9140981468}.Release|Any CPU.ActiveCfg = Release|Any CPU
		{1EC3FBEC-FE94-41B8-AC06-4C9140981468}.Release|Any CPU.Build.0 = Release|Any CPU
		{D19A77E3-F003-456C-A2BB-7CE475E36EF7}.Debug|Any CPU.ActiveCfg = Debug|Any CPU
		{D19A77E3-F003-456C-A2BB-7CE475E36EF7}.Debug|Any CPU.Build.0 = Debug|Any CPU
		{D19A77E3-F003-456C-A2BB-7CE475E36EF7}.Release|Any CPU.ActiveCfg = Release|Any CPU
		{D19A77E3-F003-456C-A2BB-7CE475E36EF7}.Release|Any CPU.Build.0 = Release|Any CPU
	EndGlobalSection
	GlobalSection(SolutionProperties) = preSolution
		HideSolutionNode = FALSE
	EndGlobalSection
	GlobalSection(ExtensibilityGlobals) = postSolution
		SolutionGuid = {6C6E38B8-4507-48F5-B48C-A2335C8333B7}
	EndGlobalSection
EndGlobal
